
Microsoft Visual Studio Solution File, Format Version 12.00
# Visual Studio 15
VisualStudioVersion = 15.0.26730.16
MinimumVisualStudioVersion = 10.0.40219.1
Project("{FAE04EC0-301F-11D3-BF4B-00C04F79EFBC}") = "Q [App]", "Q [App]\Q [App].csproj", "{7FC39994-1AB4-462E-8C01-DBE6244A6D80}"
EndProject
Project("{FAE04EC0-301F-11D3-BF4B-00C04F79EFBC}") = "Q [Lib]", "Q [Lib]\Q [Lib].csproj", "{5AFF7624-59F7-4876-8BDA-1FAA0B9FFB93}"
EndProject
Global
	GlobalSection(SolutionConfigurationPlatforms) = preSolution
		Debug|Any CPU = Debug|Any CPU
		Release|Any CPU = Release|Any CPU
	EndGlobalSection
	GlobalSection(ProjectConfigurationPlatforms) = postSolution
		{7FC39994-1AB4-462E-8C01-DBE6244A6D80}.Debug|Any CPU.ActiveCfg = Debug|Any CPU
		{7FC39994-1AB4-462E-8C01-DBE6244A6D80}.Debug|Any CPU.Build.0 = Debug|Any CPU
		{7FC39994-1AB4-462E-8C01-DBE6244A6D80}.Release|Any CPU.ActiveCfg = Release|Any CPU
		{7FC39994-1AB4-462E-8C01-DBE6244A6D80}.Release|Any CPU.Build.0 = Release|Any CPU
		{5AFF7624-59F7-4876-8BDA-1FAA0B9FFB93}.Debug|Any CPU.ActiveCfg = Debug|Any CPU
		{5AFF7624-59F7-4876-8BDA-1FAA0B9FFB93}.Debug|Any CPU.Build.0 = Debug|Any CPU
		{5AFF7624-59F7-4876-8BDA-1FAA0B9FFB93}.Release|Any CPU.ActiveCfg = Release|Any CPU
		{5AFF7624-59F7-4876-8BDA-1FAA0B9FFB93}.Release|Any CPU.Build.0 = Release|Any CPU
	EndGlobalSection
	GlobalSection(SolutionProperties) = preSolution
		HideSolutionNode = FALSE
	EndGlobalSection
	GlobalSection(ExtensibilityGlobals) = postSolution
		SolutionGuid = {0B4AAA4D-F378-46B3-9FDD-44903E7884B9}
	EndGlobalSection
EndGlobal
